
Microsoft Visual Studio Solution File, Format Version 12.00
# Visual Studio Version 16
VisualStudioVersion = 16.0.32106.194
MinimumVisualStudioVersion = 10.0.40219.1
Project("{8BC9CEB8-8B4A-11D0-8D11-00A0C91BC942}") = "Synchronous", "Synchronous\Synchronous.vcxproj", "{41543874-942B-4A29-8C5B-EA37B32EDC99}"
EndProject
Project("{8BC9CEB8-8B4A-11D0-8D11-00A0C91BC942}") = "Asynchronous", "Asynchronous\Asynchronous.vcxproj", "{E2F318A9-A516-4813-BF63-52F61A4A6CD7}"
EndProject
Global
	GlobalSection(SolutionConfigurationPlatforms) = preSolution
		Debug|x64 = Debug|x64
		Debug|x86 = Debug|x86
		Release|x64 = Release|x64
		Release|x86 = Release|x86
	EndGlobalSection
	GlobalSection(ProjectConfigurationPlatforms) = postSolution
		{41543874-942B-4A29-8C5B-EA37B32EDC99}.Debug|x64.ActiveCfg = Debug|x64
		{41543874-942B-4A29-8C5B-EA37B32EDC99}.Debug|x64.Build.0 = Debug|x64
		{41543874-942B-4A29-8C5B-EA37B32EDC99}.Debug|x86.ActiveCfg = Debug|Win32
		{41543874-942B-4A29-8C5B-EA37B32EDC99}.Debug|x86.Build.0 = Debug|Win32
		{41543874-942B-4A29-8C5B-EA37B32EDC99}.Release|x64.ActiveCfg = Release|x64
		{41543874-942B-4A29-8C5B-EA37B32EDC99}.Release|x64.Build.0 = Release|x64
		{41543874-942B-4A29-8C5B-EA37B32EDC99}.Release|x86.ActiveCfg = Release|Win32
		{41543874-942B-4A29-8C5B-EA37B32EDC99}.Release|x86.Build.0 = Release|Win32
		{E2F318A9-A516-4813-BF63-52F61A4A6CD7}.Debug|x64.ActiveCfg = Debug|x64
		{E2F318A9-A516-4813-BF63-52F61A4A6CD7}.Debug|x64.Build.0 = Debug|x64
		{E2F318A9-A516-4813-BF63-52F61A4A6CD7}.Debug|x86.ActiveCfg = Debug|Win32
		{E2F318A9-A516-4813-BF63-52F61A4A6CD7}.Debug|x86.Build.0 = Debug|Win32
		{E2F318A9-A516-4813-BF63-52F61A4A6CD7}.Release|x64.ActiveCfg = Release|x64
		{E2F318A9-A516-4813-BF63-52F61A4A6CD7}.Release|x64.Build.0 = Release|x64
		{E2F318A9-A516-4813-BF63-52F61A4A6CD7}.Release|x86.ActiveCfg = Release|Win32
		{E2F318A9-A516-4813-BF63-52F61A4A6CD7}.Release|x86.Build.0 = Release|Win32
	EndGlobalSection
	GlobalSection(SolutionProperties) = preSolution
		HideSolutionNode = FALSE
	EndGlobalSection
	GlobalSection(ExtensibilityGlobals) = postSolution
		SolutionGuid = {2477CF2E-5792-4A2F-9E52-EFF86177A7A9}
	EndGlobalSection
EndGlobal
